# This file was autogenerated by Stack.
# You should not edit this file by hand.
# For more information, please see the documentation at:
#   https://docs.haskellstack.org/en/stable/lock_files

packages:
- completed:
    hackage: openid-0.2.1.0@sha256:b6ece69af1c1dcb22b17981cab4a509f09c4aefe20bf9c144e1e407d989fa29e,2693
    pantry-tree:
      size: 1423
      sha256: 8bc8c0377830b78448087b6ddf607a5609d32b6701c5bbd47375ad7cd1f9c2f7
  original:
    hackage: openid-0.2.1.0@sha256:b6ece69af1c1dcb22b17981cab4a509f09c4aefe20bf9c144e1e407d989fa29e,2693
- completed:
    hackage: monadLib-3.10@sha256:21dc120625bd612527b372e54251fd8358270effe263023d40d8e5892d24531c,653
    pantry-tree:
      size: 426
      sha256: 6c713ce64f1979723a9c30804e0675d053196341d7f6a61cfaf82a8f91c8f690
  original:
    hackage: monadLib-3.10@sha256:21dc120625bd612527b372e54251fd8358270effe263023d40d8e5892d24531c,653
snapshots:
- completed:
    size: 532383
    url: https://raw.githubusercontent.com/commercialhaskell/stackage-snapshots/master/lts/16/10.yaml
    sha256: 469d781ab6d2a4eceed6b31b6e4ec842dcd3cd1d11577972e86902603dce24df
  original:
    url: https://raw.githubusercontent.com/commercialhaskell/stackage-snapshots/master/lts/16/10.yaml
