# This file was autogenerated by Stack.
# You should not edit this file by hand.
# For more information, please see the documentation at:
#   https://docs.haskellstack.org/en/stable/lock_files

packages:
- completed:
    hackage: openid-connect-0.1.0.0@sha256:f5ea75350e07e9043ed3bf7d64a5a38628a206e2d681ab28c0f56efe11c01427,5057
    pantry-tree:
      size: 2058
      sha256: d17d31badfdce34655c8e3a1bf5562284750a4bbbafb234f58bba83ca5784bb0
  original:
    hackage: openid-connect-0.1.0.0@sha256:f5ea75350e07e9043ed3bf7d64a5a38628a206e2d681ab28c0f56efe11c01427,5057
snapshots:
- completed:
    size: 532383
    url: https://raw.githubusercontent.com/commercialhaskell/stackage-snapshots/master/lts/16/10.yaml
    sha256: 469d781ab6d2a4eceed6b31b6e4ec842dcd3cd1d11577972e86902603dce24df
  original:
    url: https://raw.githubusercontent.com/commercialhaskell/stackage-snapshots/master/lts/16/10.yaml
