# This file was autogenerated by Stack.
# You should not edit this file by hand.
# For more information, please see the documentation at:
#   https://docs.haskellstack.org/en/stable/lock_files

packages:
- completed:
    hackage: monadLib-3.10@sha256:21dc120625bd612527b372e54251fd8358270effe263023d40d8e5892d24531c,653
    pantry-tree:
      size: 426
      sha256: 6c713ce64f1979723a9c30804e0675d053196341d7f6a61cfaf82a8f91c8f690
  original:
    hackage: monadLib-3.10@sha256:21dc120625bd612527b372e54251fd8358270effe263023d40d8e5892d24531c,653
- completed:
    hackage: servant-options-0.1.0.0@sha256:39f50166a68006250e79370372f553ca476f14d06d93fa0c401050253aeba803,914
    pantry-tree:
      size: 293
      sha256: 7812baf1b27c62068ba634207fbd7077b886424d666b36739a78c6d4008a1fd4
  original:
    hackage: servant-options-0.1.0.0@sha256:39f50166a68006250e79370372f553ca476f14d06d93fa0c401050253aeba803,914
- completed:
    name: openid
    version: 0.2.1.0
    git: https://github.com/appestat/hsopenid.git
    pantry-tree:
      size: 1472
      sha256: 2ab919c39b80011b12fd2ed7b899e0858fa7f4989fac24de60a4a08aecf85068
    commit: a8dd5dc44a5bf466ecc9d5f243de9eaa5d11db91
  original:
    git: https://github.com/appestat/hsopenid.git
    commit: a8dd5dc44a5bf466ecc9d5f243de9eaa5d11db91
- completed:
    name: rcon
    version: 0.0.0.1
    git: https://github.com/appestat/rcon-haskell.git
    pantry-tree:
      size: 739
      sha256: 491b74ce2c8b8433401ade42dd40acf28bee09ba135355b2cbfb990a6f59c16e
    commit: e65e44f2f3ca6b5055c081d1fd3335e3bbb27618
  original:
    git: https://github.com/appestat/rcon-haskell.git
    commit: e65e44f2f3ca6b5055c081d1fd3335e3bbb27618
snapshots:
- completed:
    size: 532383
    url: https://raw.githubusercontent.com/commercialhaskell/stackage-snapshots/master/lts/16/10.yaml
    sha256: 469d781ab6d2a4eceed6b31b6e4ec842dcd3cd1d11577972e86902603dce24df
  original: lts-16.10
